// !$*UTF8*$!
{
	archiveVersion = 1;
	classes = {
	};
	objectVersion = 46;
	objects = {

/* Begin PBXBuildFile section */
		3A1432591E493B4600416F58 /* AppDelegate.swift in Sources */ = {isa = PBXBuildFile; fileRef = 3A1432581E493B4600416F58 /* AppDelegate.swift */; };
		3A14325B1E493B4600416F58 /* ViewController.swift in Sources */ = {isa = PBXBuildFile; fileRef = 3A14325A1E493B4600416F58 /* ViewController.swift */; };
		3A14325E1E493B4600416F58 /* Main.storyboard in Resources */ = {isa = PBXBuildFile; fileRef = 3A14325C1E493B4600416F58 /* Main.storyboard */; };
		3A1432601E493B4600416F58 /* Assets.xcassets in Resources */ = {isa = PBXBuildFile; fileRef = 3A14325F1E493B4600416F58 /* Assets.xcassets */; };
		3A1432631E493B4600416F58 /* LaunchScreen.storyboard in Resources */ = {isa = PBXBuildFile; fileRef = 3A1432611E493B4600416F58 /* LaunchScreen.storyboard */; };
		3A1432681E493B4600416F58 /* downloadFile WatchKit App.app in Embed Watch Content */ = {isa = PBXBuildFile; fileRef = 3A1432671E493B4600416F58 /* downloadFile WatchKit App.app */; };
		3A14326E1E493B4600416F58 /* Interface.storyboard in Resources */ = {isa = PBXBuildFile; fileRef = 3A14326C1E493B4600416F58 /* Interface.storyboard */; };
		3A1432701E493B4600416F58 /* Assets.xcassets in Resources */ = {isa = PBXBuildFile; fileRef = 3A14326F1E493B4600416F58 /* Assets.xcassets */; };
		3A1432771E493B4600416F58 /* downloadFile WatchKit Extension.appex in Embed App Extensions */ = {isa = PBXBuildFile; fileRef = 3A1432761E493B4600416F58 /* downloadFile WatchKit Extension.appex */; settings = {ATTRIBUTES = (RemoveHeadersOnCopy, ); }; };
		3A14327E1E493B4600416F58 /* InterfaceController.swift in Sources */ = {isa = PBXBuildFile; fileRef = 3A14327D1E493B4600416F58 /* InterfaceController.swift */; };
		3A1432801E493B4600416F58 /* ExtensionDelegate.swift in Sources */ = {isa = PBXBuildFile; fileRef = 3A14327F1E493B4600416F58 /* ExtensionDelegate.swift */; };
		3A1432821E493B4600416F58 /* NotificationController.swift in Sources */ = {isa = PBXBuildFile; fileRef = 3A1432811E493B4600416F58 /* NotificationController.swift */; };
		3A1432841E493B4600416F58 /* ComplicationController.swift in Sources */ = {isa = PBXBuildFile; fileRef = 3A1432831E493B4600416F58 /* ComplicationController.swift */; };
		3A1432861E493B4600416F58 /* Assets.xcassets in Resources */ = {isa = PBXBuildFile; fileRef = 3A1432851E493B4600416F58 /* Assets.xcassets */; };
		3A8965871E54FF70003BCFBC /* 246-Usonia.mp3 in Resources */ = {isa = PBXBuildFile; fileRef = 3A8965861E54FF70003BCFBC /* 246-Usonia.mp3 */; };
/* End PBXBuildFile section */

/* Begin PBXContainerItemProxy section */
		3A1432691E493B4600416F58 /* PBXContainerItemProxy */ = {
			isa = PBXContainerItemProxy;
			containerPortal = 3A14324D1E493B4500416F58 /* Project object */;
			proxyType = 1;
			remoteGlobalIDString = 3A1432661E493B4600416F58;
			remoteInfo = "downloadFile WatchKit App";
		};
		3A1432781E493B4600416F58 /* PBXContainerItemProxy */ = {
			isa = PBXContainerItemProxy;
			containerPortal = 3A14324D1E493B4500416F58 /* Project object */;
			proxyType = 1;
			remoteGlobalIDString = 3A1432751E493B4600416F58;
			remoteInfo = "downloadFile WatchKit Extension";
		};
/* End PBXContainerItemProxy section */

/* Begin PBXCopyFilesBuildPhase section */
		3A14328D1E493B4600416F58 /* Embed App Extensions */ = {
			isa = PBXCopyFilesBuildPhase;
			buildActionMask = 2147483647;
			dstPath = "";
			dstSubfolderSpec = 13;
			files = (
				3A1432771E493B4600416F58 /* downloadFile WatchKit Extension.appex in Embed App Extensions */,
			);
			name = "Embed App Extensions";
			runOnlyForDeploymentPostprocessing = 0;
		};
		3A1432911E493B4600416F58 /* Embed Watch Content */ = {
			isa = PBXCopyFilesBuildPhase;
			buildActionMask = 2147483647;
			dstPath = "$(CONTENTS_FOLDER_PATH)/Watch";
			dstSubfolderSpec = 16;
			files = (
				3A1432681E493B4600416F58 /* downloadFile WatchKit App.app in Embed Watch Content */,
			);
			name = "Embed Watch Content";
			runOnlyForDeploymentPostprocessing = 0;
		};
/* End PBXCopyFilesBuildPhase section */

/* Begin PBXFileReference section */
		3A1432551E493B4500416F58 /* downloadFile.app */ = {isa = PBXFileReference; explicitFileType = wrapper.application; includeInIndex = 0; path = downloadFile.app; sourceTree = BUILT_PRODUCTS_DIR; };
		3A1432581E493B4600416F58 /* AppDelegate.swift */ = {isa = PBXFileReference; lastKnownFileType = sourcecode.swift; path = AppDelegate.swift; sourceTree = "<group>"; };
		3A14325A1E493B4600416F58 /* ViewController.swift */ = {isa = PBXFileReference; lastKnownFileType = sourcecode.swift; path = ViewController.swift; sourceTree = "<group>"; };
		3A14325D1E493B4600416F58 /* Base */ = {isa = PBXFileReference; lastKnownFileType = file.storyboard; name = Base; path = Base.lproj/Main.storyboard; sourceTree = "<group>"; };
		3A14325F1E493B4600416F58 /* Assets.xcassets */ = {isa = PBXFileReference; lastKnownFileType = folder.assetcatalog; path = Assets.xcassets; sourceTree = "<group>"; };
		3A1432621E493B4600416F58 /* Base */ = {isa = PBXFileReference; lastKnownFileType = file.storyboard; name = Base; path = Base.lproj/LaunchScreen.storyboard; sourceTree = "<group>"; };
		3A1432641E493B4600416F58 /* Info.plist */ = {isa = PBXFileReference; lastKnownFileType = text.plist.xml; path = Info.plist; sourceTree = "<group>"; };
		3A1432671E493B4600416F58 /* downloadFile WatchKit App.app */ = {isa = PBXFileReference; explicitFileType = wrapper.application; includeInIndex = 0; path = "downloadFile WatchKit App.app"; sourceTree = BUILT_PRODUCTS_DIR; };
		3A14326D1E493B4600416F58 /* Base */ = {isa = PBXFileReference; lastKnownFileType = file.storyboard; name = Base; path = Base.lproj/Interface.storyboard; sourceTree = "<group>"; };
		3A14326F1E493B4600416F58 /* Assets.xcassets */ = {isa = PBXFileReference; lastKnownFileType = folder.assetcatalog; path = Assets.xcassets; sourceTree = "<group>"; };
		3A1432711E493B4600416F58 /* Info.plist */ = {isa = PBXFileReference; lastKnownFileType = text.plist.xml; path = Info.plist; sourceTree = "<group>"; };
		3A1432761E493B4600416F58 /* downloadFile WatchKit Extension.appex */ = {isa = PBXFileReference; explicitFileType = "wrapper.app-extension"; includeInIndex = 0; path = "downloadFile WatchKit Extension.appex"; sourceTree = BUILT_PRODUCTS_DIR; };
		3A14327C1E493B4600416F58 /* PushNotificationPayload.apns */ = {isa = PBXFileReference; lastKnownFileType = text; path = PushNotificationPayload.apns; sourceTree = "<group>"; };
		3A14327D1E493B4600416F58 /* InterfaceController.swift */ = {isa = PBXFileReference; lastKnownFileType = sourcecode.swift; path = InterfaceController.swift; sourceTree = "<group>"; };
		3A14327F1E493B4600416F58 /* ExtensionDelegate.swift */ = {isa = PBXFileReference; lastKnownFileType = sourcecode.swift; path = ExtensionDelegate.swift; sourceTree = "<group>"; };
		3A1432811E493B4600416F58 /* NotificationController.swift */ = {isa = PBXFileReference; lastKnownFileType = sourcecode.swift; path = NotificationController.swift; sourceTree = "<group>"; };
		3A1432831E493B4600416F58 /* ComplicationController.swift */ = {isa = PBXFileReference; lastKnownFileType = sourcecode.swift; path = ComplicationController.swift; sourceTree = "<group>"; };
		3A1432851E493B4600416F58 /* Assets.xcassets */ = {isa = PBXFileReference; lastKnownFileType = folder.assetcatalog; path = Assets.xcassets; sourceTree = "<group>"; };
		3A1432871E493B4600416F58 /* Info.plist */ = {isa = PBXFileReference; lastKnownFileType = text.plist.xml; path = Info.plist; sourceTree = "<group>"; };
		3A8965861E54FF70003BCFBC /* 246-Usonia.mp3 */ = {isa = PBXFileReference; lastKnownFileType = audio.mp3; path = "246-Usonia.mp3"; sourceTree = "<group>"; };
/* End PBXFileReference section */

/* Begin PBXFrameworksBuildPhase section */
		3A1432521E493B4500416F58 /* Frameworks */ = {
			isa = PBXFrameworksBuildPhase;
			buildActionMask = 2147483647;
			files = (
			);
			runOnlyForDeploymentPostprocessing = 0;
		};
		3A1432731E493B4600416F58 /* Frameworks */ = {
			isa = PBXFrameworksBuildPhase;
			buildActionMask = 2147483647;
			files = (
			);
			runOnlyForDeploymentPostprocessing = 0;
		};
/* End PBXFrameworksBuildPhase section */

/* Begin PBXGroup section */
		3A14324C1E493B4500416F58 = {
			isa = PBXGroup;
			children = (
				3A1432571E493B4600416F58 /* downloadFile */,
				3A14326B1E493B4600416F58 /* downloadFile WatchKit App */,
				3A14327A1E493B4600416F58 /* downloadFile WatchKit Extension */,
				3A1432561E493B4500416F58 /* Products */,
			);
			sourceTree = "<group>";
		};
		3A1432561E493B4500416F58 /* Products */ = {
			isa = PBXGroup;
			children = (
				3A1432551E493B4500416F58 /* downloadFile.app */,
				3A1432671E493B4600416F58 /* downloadFile WatchKit App.app */,
				3A1432761E493B4600416F58 /* downloadFile WatchKit Extension.appex */,
			);
			name = Products;
			sourceTree = "<group>";
		};
		3A1432571E493B4600416F58 /* downloadFile */ = {
			isa = PBXGroup;
			children = (
				3A1432581E493B4600416F58 /* AppDelegate.swift */,
				3A14325A1E493B4600416F58 /* ViewController.swift */,
				3A14325C1E493B4600416F58 /* Main.storyboard */,
				3A14325F1E493B4600416F58 /* Assets.xcassets */,
				3A1432611E493B4600416F58 /* LaunchScreen.storyboard */,
				3A1432641E493B4600416F58 /* Info.plist */,
			);
			path = downloadFile;
			sourceTree = "<group>";
		};
		3A14326B1E493B4600416F58 /* downloadFile WatchKit App */ = {
			isa = PBXGroup;
			children = (
				3A14326C1E493B4600416F58 /* Interface.storyboard */,
				3A14326F1E493B4600416F58 /* Assets.xcassets */,
				3A1432711E493B4600416F58 /* Info.plist */,
			);
			path = "downloadFile WatchKit App";
			sourceTree = "<group>";
		};
		3A14327A1E493B4600416F58 /* downloadFile WatchKit Extension */ = {
			isa = PBXGroup;
			children = (
				3A14327D1E493B4600416F58 /* InterfaceController.swift */,
				3A8965861E54FF70003BCFBC /* 246-Usonia.mp3 */,
				3A14327F1E493B4600416F58 /* ExtensionDelegate.swift */,
				3A1432811E493B4600416F58 /* NotificationController.swift */,
				3A1432831E493B4600416F58 /* ComplicationController.swift */,
				3A1432851E493B4600416F58 /* Assets.xcassets */,
				3A1432871E493B4600416F58 /* Info.plist */,
				3A14327B1E493B4600416F58 /* Supporting Files */,
			);
			path = "downloadFile WatchKit Extension";
			sourceTree = "<group>";
		};
		3A14327B1E493B4600416F58 /* Supporting Files */ = {
			isa = PBXGroup;
			children = (
				3A14327C1E493B4600416F58 /* PushNotificationPayload.apns */,
			);
			name = "Supporting Files";
			sourceTree = "<group>";
		};
/* End PBXGroup section */

/* Begin PBXNativeTarget section */
		3A1432541E493B4500416F58 /* downloadFile */ = {
			isa = PBXNativeTarget;
			buildConfigurationList = 3A1432921E493B4600416F58 /* Build configuration list for PBXNativeTarget "downloadFile" */;
			buildPhases = (
				3A1432511E493B4500416F58 /* Sources */,
				3A1432521E493B4500416F58 /* Frameworks */,
				3A1432531E493B4500416F58 /* Resources */,
				3A1432911E493B4600416F58 /* Embed Watch Content */,
			);
			buildRules = (
			);
			dependencies = (
				3A14326A1E493B4600416F58 /* PBXTargetDependency */,
			);
			name = downloadFile;
			productName = downloadFile;
			productReference = 3A1432551E493B4500416F58 /* downloadFile.app */;
			productType = "com.apple.product-type.application";
		};
		3A1432661E493B4600416F58 /* downloadFile WatchKit App */ = {
			isa = PBXNativeTarget;
			buildConfigurationList = 3A14328E1E493B4600416F58 /* Build configuration list for PBXNativeTarget "downloadFile WatchKit App" */;
			buildPhases = (
				3A1432651E493B4600416F58 /* Resources */,
				3A14328D1E493B4600416F58 /* Embed App Extensions */,
			);
			buildRules = (
			);
			dependencies = (
				3A1432791E493B4600416F58 /* PBXTargetDependency */,
			);
			name = "downloadFile WatchKit App";
			productName = "downloadFile WatchKit App";
			productReference = 3A1432671E493B4600416F58 /* downloadFile WatchKit App.app */;
			productType = "com.apple.product-type.application.watchapp2";
		};
		3A1432751E493B4600416F58 /* downloadFile WatchKit Extension */ = {
			isa = PBXNativeTarget;
			buildConfigurationList = 3A14328A1E493B4600416F58 /* Build configuration list for PBXNativeTarget "downloadFile WatchKit Extension" */;
			buildPhases = (
				3A1432721E493B4600416F58 /* Sources */,
				3A1432731E493B4600416F58 /* Frameworks */,
				3A1432741E493B4600416F58 /* Resources */,
			);
			buildRules = (
			);
			dependencies = (
			);
			name = "downloadFile WatchKit Extension";
			productName = "downloadFile WatchKit Extension";
			productReference = 3A1432761E493B4600416F58 /* downloadFile WatchKit Extension.appex */;
			productType = "com.apple.product-type.watchkit2-extension";
		};
/* End PBXNativeTarget section */

/* Begin PBXProject section */
		3A14324D1E493B4500416F58 /* Project object */ = {
			isa = PBXProject;
			attributes = {
				LastSwiftUpdateCheck = 0820;
				LastUpgradeCheck = 0820;
				ORGANIZATIONNAME = "Drew Westcott";
				TargetAttributes = {
					3A1432541E493B4500416F58 = {
						CreatedOnToolsVersion = 8.2;
						DevelopmentTeam = 64798CH77E;
						ProvisioningStyle = Automatic;
					};
					3A1432661E493B4600416F58 = {
						CreatedOnToolsVersion = 8.2;
						DevelopmentTeam = 64798CH77E;
						ProvisioningStyle = Automatic;
					};
					3A1432751E493B4600416F58 = {
						CreatedOnToolsVersion = 8.2;
						DevelopmentTeam = 64798CH77E;
						ProvisioningStyle = Automatic;
					};
				};
			};
			buildConfigurationList = 3A1432501E493B4500416F58 /* Build configuration list for PBXProject "downloadFile" */;
			compatibilityVersion = "Xcode 3.2";
			developmentRegion = English;
			hasScannedForEncodings = 0;
			knownRegions = (
				en,
				Base,
			);
			mainGroup = 3A14324C1E493B4500416F58;
			productRefGroup = 3A1432561E493B4500416F58 /* Products */;
			projectDirPath = "";
			projectRoot = "";
			targets = (
				3A1432541E493B4500416F58 /* downloadFile */,
				3A1432661E493B4600416F58 /* downloadFile WatchKit App */,
				3A1432751E493B4600416F58 /* downloadFile WatchKit Extension */,
			);
		};
/* End PBXProject section */

/* Begin PBXResourcesBuildPhase section */
		3A1432531E493B4500416F58 /* Resources */ = {
			isa = PBXResourcesBuildPhase;
			buildActionMask = 2147483647;
			files = (
				3A1432631E493B4600416F58 /* LaunchScreen.storyboard in Resources */,
				3A1432601E493B4600416F58 /* Assets.xcassets in Resources */,
				3A14325E1E493B4600416F58 /* Main.storyboard in Resources */,
			);
			runOnlyForDeploymentPostprocessing = 0;
		};
		3A1432651E493B4600416F58 /* Resources */ = {
			isa = PBXResourcesBuildPhase;
			buildActionMask = 2147483647;
			files = (
				3A1432701E493B4600416F58 /* Assets.xcassets in Resources */,
				3A14326E1E493B4600416F58 /* Interface.storyboard in Resources */,
			);
			runOnlyForDeploymentPostprocessing = 0;
		};
		3A1432741E493B4600416F58 /* Resources */ = {
			isa = PBXResourcesBuildPhase;
			buildActionMask = 2147483647;
			files = (
				3A1432861E493B4600416F58 /* Assets.xcassets in Resources */,
				3A8965871E54FF70003BCFBC /* 246-Usonia.mp3 in Resources */,
			);
			runOnlyForDeploymentPostprocessing = 0;
		};
/* End PBXResourcesBuildPhase section */

/* Begin PBXSourcesBuildPhase section */
		3A1432511E493B4500416F58 /* Sources */ = {
			isa = PBXSourcesBuildPhase;
			buildActionMask = 2147483647;
			files = (
				3A14325B1E493B4600416F58 /* ViewController.swift in Sources */,
				3A1432591E493B4600416F58 /* AppDelegate.swift in Sources */,
			);
			runOnlyForDeploymentPostprocessing = 0;
		};
		3A1432721E493B4600416F58 /* Sources */ = {
			isa = PBXSourcesBuildPhase;
			buildActionMask = 2147483647;
			files = (
				3A1432821E493B4600416F58 /* NotificationController.swift in Sources */,
				3A1432841E493B4600416F58 /* ComplicationController.swift in Sources */,
				3A1432801E493B4600416F58 /* ExtensionDelegate.swift in Sources */,
				3A14327E1E493B4600416F58 /* InterfaceController.swift in Sources */,
			);
			runOnlyForDeploymentPostprocessing = 0;
		};
/* End PBXSourcesBuildPhase section */

/* Begin PBXTargetDependency section */
		3A14326A1E493B4600416F58 /* PBXTargetDependency */ = {
			isa = PBXTargetDependency;
			target = 3A1432661E493B4600416F58 /* downloadFile WatchKit App */;
			targetProxy = 3A1432691E493B4600416F58 /* PBXContainerItemProxy */;
		};
		3A1432791E493B4600416F58 /* PBXTargetDependency */ = {
			isa = PBXTargetDependency;
			target = 3A1432751E493B4600416F58 /* downloadFile WatchKit Extension */;
			targetProxy = 3A1432781E493B4600416F58 /* PBXContainerItemProxy */;
		};
/* End PBXTargetDependency section */

/* Begin PBXVariantGroup section */
		3A14325C1E493B4600416F58 /* Main.storyboard */ = {
			isa = PBXVariantGroup;
			children = (
				3A14325D1E493B4600416F58 /* Base */,
			);
			name = Main.storyboard;
			sourceTree = "<group>";
		};
		3A1432611E493B4600416F58 /* LaunchScreen.storyboard */ = {
			isa = PBXVariantGroup;
			children = (
				3A1432621E493B4600416F58 /* Base */,
			);
			name = LaunchScreen.storyboard;
			sourceTree = "<group>";
		};
		3A14326C1E493B4600416F58 /* Interface.storyboard */ = {
			isa = PBXVariantGroup;
			children = (
				3A14326D1E493B4600416F58 /* Base */,
			);
			name = Interface.storyboard;
			sourceTree = "<group>";
		};
/* End PBXVariantGroup section */

/* Begin XCBuildConfiguration section */
		3A1432881E493B4600416F58 /* Debug */ = {
			isa = XCBuildConfiguration;
			buildSettings = {
				ALWAYS_SEARCH_USER_PATHS = NO;
				CLANG_ANALYZER_NONNULL = YES;
				CLANG_CXX_LANGUAGE_STANDARD = "gnu++0x";
				CLANG_CXX_LIBRARY = "libc++";
				CLANG_ENABLE_MODULES = YES;
				CLANG_ENABLE_OBJC_ARC = YES;
				CLANG_WARN_BOOL_CONVERSION = YES;
				CLANG_WARN_CONSTANT_CONVERSION = YES;
				CLANG_WARN_DIRECT_OBJC_ISA_USAGE = YES_ERROR;
				CLANG_WARN_DOCUMENTATION_COMMENTS = YES;
				CLANG_WARN_EMPTY_BODY = YES;
				CLANG_WARN_ENUM_CONVERSION = YES;
				CLANG_WARN_INFINITE_RECURSION = YES;
				CLANG_WARN_INT_CONVERSION = YES;
				CLANG_WARN_OBJC_ROOT_CLASS = YES_ERROR;
				CLANG_WARN_SUSPICIOUS_MOVE = YES;
				CLANG_WARN_UNREACHABLE_CODE = YES;
				CLANG_WARN__DUPLICATE_METHOD_MATCH = YES;
				"CODE_SIGN_IDENTITY[sdk=iphoneos*]" = "iPhone Developer";
				COPY_PHASE_STRIP = NO;
				DEBUG_INFORMATION_FORMAT = dwarf;
				ENABLE_STRICT_OBJC_MSGSEND = YES;
				ENABLE_TESTABILITY = YES;
				GCC_C_LANGUAGE_STANDARD = gnu99;
				GCC_DYNAMIC_NO_PIC = NO;
				GCC_NO_COMMON_BLOCKS = YES;
				GCC_OPTIMIZATION_LEVEL = 0;
				GCC_PREPROCESSOR_DEFINITIONS = (
					"DEBUG=1",
					"$(inherited)",
				);
				GCC_WARN_64_TO_32_BIT_CONVERSION = YES;
				GCC_WARN_ABOUT_RETURN_TYPE = YES_ERROR;
				GCC_WARN_UNDECLARED_SELECTOR = YES;
				GCC_WARN_UNINITIALIZED_AUTOS = YES_AGGRESSIVE;
				GCC_WARN_UNUSED_FUNCTION = YES;
				GCC_WARN_UNUSED_VARIABLE = YES;
				IPHONEOS_DEPLOYMENT_TARGET = 10.2;
				MTL_ENABLE_DEBUG_INFO = YES;
				ONLY_ACTIVE_ARCH = YES;
				SDKROOT = iphoneos;
				SWIFT_ACTIVE_COMPILATION_CONDITIONS = DEBUG;
				SWIFT_OPTIMIZATION_LEVEL = "-Onone";
			};
			name = Debug;
		};
		3A1432891E493B4600416F58 /* Release */ = {
			isa = XCBuildConfiguration;
			buildSettings = {
				ALWAYS_SEARCH_USER_PATHS = NO;
				CLANG_ANALYZER_NONNULL = YES;
				CLANG_CXX_LANGUAGE_STANDARD = "gnu++0x";
				CLANG_CXX_LIBRARY = "libc++";
				CLANG_ENABLE_MODULES = YES;
				CLANG_ENABLE_OBJC_ARC = YES;
				CLANG_WARN_BOOL_CONVERSION = YES;
				CLANG_WARN_CONSTANT_CONVERSION = YES;
				CLANG_WARN_DIRECT_OBJC_ISA_USAGE = YES_ERROR;
				CLANG_WARN_DOCUMENTATION_COMMENTS = YES;
				CLANG_WARN_EMPTY_BODY = YES;
				CLANG_WARN_ENUM_CONVERSION = YES;
				CLANG_WARN_INFINITE_RECURSION = YES;
				CLANG_WARN_INT_CONVERSION = YES;
				CLANG_WARN_OBJC_ROOT_CLASS = YES_ERROR;
				CLANG_WARN_SUSPICIOUS_MOVE = YES;
				CLANG_WARN_UNREACHABLE_CODE = YES;
				CLANG_WARN__DUPLICATE_METHOD_MATCH = YES;
				"CODE_SIGN_IDENTITY[sdk=iphoneos*]" = "iPhone Developer";
				COPY_PHASE_STRIP = NO;
				DEBUG_INFORMATION_FORMAT = "dwarf-with-dsym";
				ENABLE_NS_ASSERTIONS = NO;
				ENABLE_STRICT_OBJC_MSGSEND = YES;
				GCC_C_LANGUAGE_STANDARD = gnu99;
				GCC_NO_COMMON_BLOCKS = YES;
				GCC_WARN_64_TO_32_BIT_CONVERSION = YES;
				GCC_WARN_ABOUT_RETURN_TYPE = YES_ERROR;
				GCC_WARN_UNDECLARED_SELECTOR = YES;
				GCC_WARN_UNINITIALIZED_AUTOS = YES_AGGRESSIVE;
				GCC_WARN_UNUSED_FUNCTION = YES;
				GCC_WARN_UNUSED_VARIABLE = YES;
				IPHONEOS_DEPLOYMENT_TARGET = 10.2;
				MTL_ENABLE_DEBUG_INFO = NO;
				SDKROOT = iphoneos;
				SWIFT_OPTIMIZATION_LEVEL = "-Owholemodule";
				VALIDATE_PRODUCT = YES;
			};
			name = Release;
		};
		3A14328B1E493B4600416F58 /* Debug */ = {
			isa = XCBuildConfiguration;
			buildSettings = {
				ASSETCATALOG_COMPILER_COMPLICATION_NAME = Complication;
				DEVELOPMENT_TEAM = 64798CH77E;
				INFOPLIST_FILE = "downloadFile WatchKit Extension/Info.plist";
				LD_RUNPATH_SEARCH_PATHS = "$(inherited) @executable_path/Frameworks @executable_path/../../Frameworks";
				PRODUCT_BUNDLE_IDENTIFIER = uk.co.drewwestcott.downloadFile.watchkitapp.watchkitextension;
				PRODUCT_NAME = "${TARGET_NAME}";
				SDKROOT = watchos;
				SKIP_INSTALL = YES;
				SWIFT_VERSION = 3.0;
				TARGETED_DEVICE_FAMILY = 4;
				WATCHOS_DEPLOYMENT_TARGET = 3.1;
			};
			name = Debug;
		};
		3A14328C1E493B4600416F58 /* Release */ = {
			isa = XCBuildConfiguration;
			buildSettings = {
				ASSETCATALOG_COMPILER_COMPLICATION_NAME = Complication;
				DEVELOPMENT_TEAM = 64798CH77E;
				INFOPLIST_FILE = "downloadFile WatchKit Extension/Info.plist";
				LD_RUNPATH_SEARCH_PATHS = "$(inherited) @executable_path/Frameworks @executable_path/../../Frameworks";
				PRODUCT_BUNDLE_IDENTIFIER = uk.co.drewwestcott.downloadFile.watchkitapp.watchkitextension;
				PRODUCT_NAME = "${TARGET_NAME}";
				SDKROOT = watchos;
				SKIP_INSTALL = YES;
				SWIFT_VERSION = 3.0;
				TARGETED_DEVICE_FAMILY = 4;
				WATCHOS_DEPLOYMENT_TARGET = 3.1;
			};
			name = Release;
		};
		3A14328F1E493B4600416F58 /* Debug */ = {
			isa = XCBuildConfiguration;
			buildSettings = {
				ALWAYS_EMBED_SWIFT_STANDARD_LIBRARIES = YES;
				ASSETCATALOG_COMPILER_APPICON_NAME = AppIcon;
				DEVELOPMENT_TEAM = 64798CH77E;
				IBSC_MODULE = downloadFile_WatchKit_Extension;
				INFOPLIST_FILE = "downloadFile WatchKit App/Info.plist";
				PRODUCT_BUNDLE_IDENTIFIER = uk.co.drewwestcott.downloadFile.watchkitapp;
				PRODUCT_NAME = "$(TARGET_NAME)";
				SDKROOT = watchos;
				SKIP_INSTALL = YES;
				SWIFT_VERSION = 3.0;
				TARGETED_DEVICE_FAMILY = 4;
				WATCHOS_DEPLOYMENT_TARGET = 3.1;
			};
			name = Debug;
		};
		3A1432901E493B4600416F58 /* Release */ = {
			isa = XCBuildConfiguration;
			buildSettings = {
				ALWAYS_EMBED_SWIFT_STANDARD_LIBRARIES = YES;
				ASSETCATALOG_COMPILER_APPICON_NAME = AppIcon;
				DEVELOPMENT_TEAM = 64798CH77E;
				IBSC_MODULE = downloadFile_WatchKit_Extension;
				INFOPLIST_FILE = "downloadFile WatchKit App/Info.plist";
				PRODUCT_BUNDLE_IDENTIFIER = uk.co.drewwestcott.downloadFile.watchkitapp;
				PRODUCT_NAME = "$(TARGET_NAME)";
				SDKROOT = watchos;
				SKIP_INSTALL = YES;
				SWIFT_VERSION = 3.0;
				TARGETED_DEVICE_FAMILY = 4;
				WATCHOS_DEPLOYMENT_TARGET = 3.1;
			};
			name = Release;
		};
		3A1432931E493B4600416F58 /* Debug */ = {
			isa = XCBuildConfiguration;
			buildSettings = {
				ASSETCATALOG_COMPILER_APPICON_NAME = AppIcon;
				DEVELOPMENT_TEAM = 64798CH77E;
				INFOPLIST_FILE = downloadFile/Info.plist;
				LD_RUNPATH_SEARCH_PATHS = "$(inherited) @executable_path/Frameworks";
				PRODUCT_BUNDLE_IDENTIFIER = uk.co.drewwestcott.downloadFile;
				PRODUCT_NAME = "$(TARGET_NAME)";
				SWIFT_VERSION = 3.0;
			};
			name = Debug;
		};
		3A1432941E493B4600416F58 /* Release */ = {
			isa = XCBuildConfiguration;
			buildSettings = {
				ASSETCATALOG_COMPILER_APPICON_NAME = AppIcon;
				DEVELOPMENT_TEAM = 64798CH77E;
				INFOPLIST_FILE = downloadFile/Info.plist;
				LD_RUNPATH_SEARCH_PATHS = "$(inherited) @executable_path/Frameworks";
				PRODUCT_BUNDLE_IDENTIFIER = uk.co.drewwestcott.downloadFile;
				PRODUCT_NAME = "$(TARGET_NAME)";
				SWIFT_VERSION = 3.0;
			};
			name = Release;
		};
/* End XCBuildConfiguration section */

/* Begin XCConfigurationList section */
		3A1432501E493B4500416F58 /* Build configuration list for PBXProject "downloadFile" */ = {
			isa = XCConfigurationList;
			buildConfigurations = (
				3A1432881E493B4600416F58 /* Debug */,
				3A1432891E493B4600416F58 /* Release */,
			);
			defaultConfigurationIsVisible = 0;
			defaultConfigurationName = Release;
		};
		3A14328A1E493B4600416F58 /* Build configuration list for PBXNativeTarget "downloadFile WatchKit Extension" */ = {
			isa = XCConfigurationList;
			buildConfigurations = (
				3A14328B1E493B4600416F58 /* Debug */,
				3A14328C1E493B4600416F58 /* Release */,
			);
			defaultConfigurationIsVisible = 0;
			defaultConfigurationName = Release;
		};
		3A14328E1E493B4600416F58 /* Build configuration list for PBXNativeTarget "downloadFile WatchKit App" */ = {
			isa = XCConfigurationList;
			buildConfigurations = (
				3A14328F1E493B4600416F58 /* Debug */,
				3A1432901E493B4600416F58 /* Release */,
			);
			defaultConfigurationIsVisible = 0;
			defaultConfigurationName = Release;
		};
		3A1432921E493B4600416F58 /* Build configuration list for PBXNativeTarget "downloadFile" */ = {
			isa = XCConfigurationList;
			buildConfigurations = (
				3A1432931E493B4600416F58 /* Debug */,
				3A1432941E493B4600416F58 /* Release */,
			);
			defaultConfigurationIsVisible = 0;
			defaultConfigurationName = Release;
		};
/* End XCConfigurationList section */
	};
	rootObject = 3A14324D1E493B4500416F58 /* Project object */;
}
